
Microsoft Visual Studio Solution File, Format Version 12.00
# Visual Studio Version 16
VisualStudioVersion = 16.0.32228.343
MinimumVisualStudioVersion = 10.0.40219.1
Project("{FAE04EC0-301F-11D3-BF4B-00C04F79EFBC}") = "UniversityApp", "UniversityApp\UniversityApp.csproj", "{30615E8A-CB7C-4E87-8CCD-50C9F1CE5252}"
EndProject
Global
	GlobalSection(SolutionConfigurationPlatforms) = preSolution
		Debug|Any CPU = Debug|Any CPU
		Release|Any CPU = Release|Any CPU
	EndGlobalSection
	GlobalSection(ProjectConfigurationPlatforms) = postSolution
		{30615E8A-CB7C-4E87-8CCD-50C9F1CE5252}.Debug|Any CPU.ActiveCfg = Debug|Any CPU
		{30615E8A-CB7C-4E87-8CCD-50C9F1CE5252}.Debug|Any CPU.Build.0 = Debug|Any CPU
		{30615E8A-CB7C-4E87-8CCD-50C9F1CE5252}.Release|Any CPU.ActiveCfg = Release|Any CPU
		{30615E8A-CB7C-4E87-8CCD-50C9F1CE5252}.Release|Any CPU.Build.0 = Release|Any CPU
	EndGlobalSection
	GlobalSection(SolutionProperties) = preSolution
		HideSolutionNode = FALSE
	EndGlobalSection
	GlobalSection(ExtensibilityGlobals) = postSolution
		SolutionGuid = {AE4C4441-B84E-4494-AD92-FDBDDAA3A5A6}
	EndGlobalSection
EndGlobal
